// !$*UTF8*$!
{
	archiveVersion = 1;
	classes = {
	};
	objectVersion = 46;
	objects = {

/* Begin PBXAggregateTarget section */
		53382BDF25D51667496C42DC /* ALL_BUILD */ = {
			isa = PBXAggregateTarget;
			buildConfigurationList = 0877E4DDA32E46CA861EB490 /* Build configuration list for PBXAggregateTarget "ALL_BUILD" */;
			buildPhases = (
				F0F054826A523113C6320E72 /* Generate CMakeFiles/ALL_BUILD */,
			);
			dependencies = (
				54F33D06947B4E5582316D6B /* PBXTargetDependency */,
				EA7272E0DDB545D29784000C /* PBXTargetDependency */,
			);
			name = ALL_BUILD;
			productName = ALL_BUILD;
		};
		8879AD67E567AB4769382E9F /* ZERO_CHECK */ = {
			isa = PBXAggregateTarget;
			buildConfigurationList = C1CA46103BC74AE6AE54E675 /* Build configuration list for PBXAggregateTarget "ZERO_CHECK" */;
			buildPhases = (
				C85586029EDB2EF152F4E875 /* Generate CMakeFiles/ZERO_CHECK */,
			);
			dependencies = (
			);
			name = ZERO_CHECK;
			productName = ZERO_CHECK;
		};
/* End PBXAggregateTarget section */

/* Begin PBXBuildFile section */
		92B5AB9E0AF8458983019D57 /* /Users/mickymacm4/Documents/olc-codejam-2026/CMakeLists.txt */ = {isa = PBXBuildFile; fileRef = 36E0BF1CEB70400987CA0740 /* /Users/mickymacm4/Documents/olc-codejam-2026/CMakeLists.txt */; };
		CC73E5E290E94535A0B15F02 /* /Users/mickymacm4/Documents/olc-codejam-2026/src/main.cpp */ = {isa = PBXBuildFile; fileRef = CB5B4E6CF73C423EA0C6F8D5 /* /Users/mickymacm4/Documents/olc-codejam-2026/src/main.cpp */; };
/* End PBXBuildFile section */

/* Begin PBXBuildStyle section */
		08EE00A790A040E3A2D7A537 /* Release */ = {
			isa = PBXBuildStyle;
			buildSettings = {
				COPY_PHASE_STRIP = NO;
			};
			name = Release;
		};
		2630A3E3456B4695B0978D55 /* MinSizeRel */ = {
			isa = PBXBuildStyle;
			buildSettings = {
				COPY_PHASE_STRIP = NO;
			};
			name = MinSizeRel;
		};
		44DFE4B71F224285808080F4 /* RelWithDebInfo */ = {
			isa = PBXBuildStyle;
			buildSettings = {
				COPY_PHASE_STRIP = NO;
			};
			name = RelWithDebInfo;
		};
		EB8C675A727146298D76E081 /* Debug */ = {
			isa = PBXBuildStyle;
			buildSettings = {
				COPY_PHASE_STRIP = NO;
			};
			name = Debug;
		};
/* End PBXBuildStyle section */

/* Begin PBXContainerItemProxy section */
		7B2CF0B6A1234F68960C28AA /* PBXContainerItemProxy */ = {
			isa = PBXContainerItemProxy;
			containerPortal = 6598786DA07F45F88C0E1725 /* Project object */;
			proxyType = 1;
			remoteGlobalIDString = 8879AD67E567AB4769382E9F;
			remoteInfo = ZERO_CHECK;
		};
		A3734A346260419583F25691 /* PBXContainerItemProxy */ = {
			isa = PBXContainerItemProxy;
			containerPortal = 6598786DA07F45F88C0E1725 /* Project object */;
			proxyType = 1;
			remoteGlobalIDString = 82C0FB05092CA32492771CEA;
			remoteInfo = PGE_Johnnys_Has_To_Change;
		};
		F7A1F54C376D4D8CAFBA052A /* PBXContainerItemProxy */ = {
			isa = PBXContainerItemProxy;
			containerPortal = 6598786DA07F45F88C0E1725 /* Project object */;
			proxyType = 1;
			remoteGlobalIDString = 8879AD67E567AB4769382E9F;
			remoteInfo = ZERO_CHECK;
		};
/* End PBXContainerItemProxy section */

/* Begin PBXFileReference section */
		1AB4EBCCEBA7461C968AC473 /* /Users/mickymacm4/Documents/olc-codejam-2026/CMakeLists.txt */ = {isa = PBXFileReference; explicitFileType = sourcecode.text; fileEncoding = 4; name = CMakeLists.txt; path = CMakeLists.txt; sourceTree = SOURCE_ROOT; };
		36E0BF1CEB70400987CA0740 /* /Users/mickymacm4/Documents/olc-codejam-2026/CMakeLists.txt */ = {isa = PBXFileReference; explicitFileType = sourcecode.text; fileEncoding = 4; name = CMakeLists.txt; path = CMakeLists.txt; sourceTree = SOURCE_ROOT; };
		49745A93E369473FA301AF5C /* PGE_Johnnys_Has_To_Change */ = {isa = PBXFileReference; explicitFileType = "compiled.mach-o.executable"; path = PGE_Johnnys_Has_To_Change; sourceTree = BUILT_PRODUCTS_DIR; };
		CB5B4E6CF73C423EA0C6F8D5 /* /Users/mickymacm4/Documents/olc-codejam-2026/src/main.cpp */ = {isa = PBXFileReference; explicitFileType = sourcecode.cpp.cpp; fileEncoding = 4; name = main.cpp; path = src/main.cpp; sourceTree = SOURCE_ROOT; };
/* End PBXFileReference section */

/* Begin PBXFrameworksBuildPhase section */
		F054175FD8BB4833A93D0FEC /* Frameworks */ = {
			isa = PBXFrameworksBuildPhase;
			buildActionMask = 2147483647;
			files = (
			);
			runOnlyForDeploymentPostprocessing = 0;
		};
/* End PBXFrameworksBuildPhase section */

/* Begin PBXGroup section */
		2ACC9F71408840DA849DAECA /* ALL_BUILD */ = {
			isa = PBXGroup;
			children = (
				E1B7B30E99204C978408338E /* CMake Rules */,
				1AB4EBCCEBA7461C968AC473 /* /Users/mickymacm4/Documents/olc-codejam-2026/CMakeLists.txt */,
			);
			name = ALL_BUILD;
			sourceTree = "<group>";
		};
		35C5B564CC534AECA728F918 /* Products */ = {
			isa = PBXGroup;
			children = (
				49745A93E369473FA301AF5C /* PGE_Johnnys_Has_To_Change */,
			);
			name = Products;
			sourceTree = "<group>";
		};
		872B000B23704450BCD25459 /* Resources */ = {
			isa = PBXGroup;
			children = (
			);
			name = Resources;
			sourceTree = "<group>";
		};
		8CFAB7AF5BF84A418F3F17F1 = {
			isa = PBXGroup;
			children = (
				EBA4E06770A545FAA090AC87 /* PGE_Johnnys_Has_To_Change */,
				2ACC9F71408840DA849DAECA /* ALL_BUILD */,
				35C5B564CC534AECA728F918 /* Products */,
				9F88E5F30A154989AF3E99DF /* Frameworks */,
				872B000B23704450BCD25459 /* Resources */,
			);
			sourceTree = "<group>";
		};
		9F88E5F30A154989AF3E99DF /* Frameworks */ = {
			isa = PBXGroup;
			children = (
			);
			name = Frameworks;
			sourceTree = "<group>";
		};
		BEF1AAE23CD44BA28863F35E /* Source Files */ = {
			isa = PBXGroup;
			children = (
				CB5B4E6CF73C423EA0C6F8D5 /* /Users/mickymacm4/Documents/olc-codejam-2026/src/main.cpp */,
			);
			name = "Source Files";
			sourceTree = "<group>";
		};
		E1B7B30E99204C978408338E /* CMake Rules */ = {
			isa = PBXGroup;
			children = (
			);
			name = "CMake Rules";
			sourceTree = "<group>";
		};
		EBA4E06770A545FAA090AC87 /* PGE_Johnnys_Has_To_Change */ = {
			isa = PBXGroup;
			children = (
				BEF1AAE23CD44BA28863F35E /* Source Files */,
				36E0BF1CEB70400987CA0740 /* /Users/mickymacm4/Documents/olc-codejam-2026/CMakeLists.txt */,
			);
			name = PGE_Johnnys_Has_To_Change;
			sourceTree = "<group>";
		};
/* End PBXGroup section */

/* Begin PBXNativeTarget section */
		82C0FB05092CA32492771CEA /* PGE_Johnnys_Has_To_Change */ = {
			isa = PBXNativeTarget;
			buildConfigurationList = CCC0122146B4433E99AA32D7 /* Build configuration list for PBXNativeTarget "PGE_Johnnys_Has_To_Change" */;
			buildPhases = (
				575E733915234C9C9E8C7519 /* Sources */,
				F054175FD8BB4833A93D0FEC /* Frameworks */,
				E203617BC96B8DD8086005A4 /* CMake PostBuild Rules */,
			);
			buildRules = (
			);
			dependencies = (
				0D1C2A8772054673B2527A2A /* PBXTargetDependency */,
			);
			name = PGE_Johnnys_Has_To_Change;
			productName = PGE_Johnnys_Has_To_Change;
			productReference = 49745A93E369473FA301AF5C /* PGE_Johnnys_Has_To_Change */;
			productType = "com.apple.product-type.tool";
		};
/* End PBXNativeTarget section */

/* Begin PBXProject section */
		6598786DA07F45F88C0E1725 /* Project object */ = {
			isa = PBXProject;
			attributes = {
				BuildIndependentTargetsInParallel = YES;
				LastUpgradeCheck = 2630;
			};
			buildConfigurationList = C3379B69B2FD406C86A17BB0 /* Build configuration list for PBXProject "PGE_Johnnys_Has_To_Change" */;
			buildSettings = {
			};
			buildStyles = (
				EB8C675A727146298D76E081 /* Debug */,
				08EE00A790A040E3A2D7A537 /* Release */,
				2630A3E3456B4695B0978D55 /* MinSizeRel */,
				44DFE4B71F224285808080F4 /* RelWithDebInfo */,
			);
			compatibilityVersion = "Xcode 3.2";
			hasScannedForEncodings = 0;
			mainGroup = 8CFAB7AF5BF84A418F3F17F1;
			projectDirPath = "/Users/mickymacm4/Documents/olc-codejam-2026";
			projectRoot = "";
			targets = (
				53382BDF25D51667496C42DC /* ALL_BUILD */,
				82C0FB05092CA32492771CEA /* PGE_Johnnys_Has_To_Change */,
				8879AD67E567AB4769382E9F /* ZERO_CHECK */,
			);
		};
/* End PBXProject section */

/* Begin PBXShellScriptBuildPhase section */
		3C0110FC8322DE7E50886E21 = {
			isa = PBXShellScriptBuildPhase;
			buildActionMask = 2147483647;
			files = (
			);
			inputPaths = (
			);
			outputPaths = (
			);
			runOnlyForDeploymentPostprocessing = 0;
			shellPath = /bin/sh;
			shellScript = "# shell script goes here
exit 0";
			showEnvVarsInLog = 0;
		};
		9B50530E35CC49C82C2FACCF = {
			isa = PBXShellScriptBuildPhase;
			buildActionMask = 2147483647;
			files = (
			);
			inputPaths = (
			);
			outputPaths = (
			);
			runOnlyForDeploymentPostprocessing = 0;
			shellPath = /bin/sh;
			shellScript = "# shell script goes here
exit 0";
			showEnvVarsInLog = 0;
		};
		C85586029EDB2EF152F4E875 /* Generate CMakeFiles/ZERO_CHECK */ = {
			isa = PBXShellScriptBuildPhase;
			alwaysOutOfDate = 1;
			buildActionMask = 2147483647;
			files = (
			);
			inputPaths = (
			);
			name = "Generate CMakeFiles/ZERO_CHECK";
			outputPaths = (
"/Users/mickymacm4/Documents/olc-codejam-2026/xcode/CMakeFiles/ZERO_CHECK"			);
			runOnlyForDeploymentPostprocessing = 0;
			shellPath = /bin/sh;
			shellScript = "set -e
if test \"$CONFIGURATION\" = \"Debug\"; then :
  cd /Users/mickymacm4/Documents/olc-codejam-2026/xcode
  make -f /Users/mickymacm4/Documents/olc-codejam-2026/xcode/CMakeScripts/ReRunCMake.make
fi
if test \"$CONFIGURATION\" = \"Release\"; then :
  cd /Users/mickymacm4/Documents/olc-codejam-2026/xcode
  make -f /Users/mickymacm4/Documents/olc-codejam-2026/xcode/CMakeScripts/ReRunCMake.make
fi
if test \"$CONFIGURATION\" = \"MinSizeRel\"; then :
  cd /Users/mickymacm4/Documents/olc-codejam-2026/xcode
  make -f /Users/mickymacm4/Documents/olc-codejam-2026/xcode/CMakeScripts/ReRunCMake.make
fi
if test \"$CONFIGURATION\" = \"RelWithDebInfo\"; then :
  cd /Users/mickymacm4/Documents/olc-codejam-2026/xcode
  make -f /Users/mickymacm4/Documents/olc-codejam-2026/xcode/CMakeScripts/ReRunCMake.make
fi
";
			showEnvVarsInLog = 0;
		};
		E203617BC96B8DD8086005A4 /* CMake PostBuild Rules */ = {
			isa = PBXShellScriptBuildPhase;
			alwaysOutOfDate = 1;
			buildActionMask = 2147483647;
			files = (
			);
			inputPaths = (
			);
			name = "CMake PostBuild Rules";
			outputPaths = (
			);
			runOnlyForDeploymentPostprocessing = 0;
			shellPath = /bin/sh;
			shellScript = "set -e
if test \"$CONFIGURATION\" = \"Debug\"; then :
  cd /Users/mickymacm4/Documents/olc-codejam-2026/xcode
  /opt/homebrew/bin/cmake -E copy_directory /Users/mickymacm4/Documents/olc-codejam-2026/assets /Users/mickymacm4/Documents/olc-codejam-2026/xcode/$CONFIGURATION$EFFECTIVE_PLATFORM_NAME/assets
fi
if test \"$CONFIGURATION\" = \"Release\"; then :
  cd /Users/mickymacm4/Documents/olc-codejam-2026/xcode
  /opt/homebrew/bin/cmake -E copy_directory /Users/mickymacm4/Documents/olc-codejam-2026/assets /Users/mickymacm4/Documents/olc-codejam-2026/xcode/$CONFIGURATION$EFFECTIVE_PLATFORM_NAME/assets
fi
if test \"$CONFIGURATION\" = \"MinSizeRel\"; then :
  cd /Users/mickymacm4/Documents/olc-codejam-2026/xcode
  /opt/homebrew/bin/cmake -E copy_directory /Users/mickymacm4/Documents/olc-codejam-2026/assets /Users/mickymacm4/Documents/olc-codejam-2026/xcode/$CONFIGURATION$EFFECTIVE_PLATFORM_NAME/assets
fi
if test \"$CONFIGURATION\" = \"RelWithDebInfo\"; then :
  cd /Users/mickymacm4/Documents/olc-codejam-2026/xcode
  /opt/homebrew/bin/cmake -E copy_directory /Users/mickymacm4/Documents/olc-codejam-2026/assets /Users/mickymacm4/Documents/olc-codejam-2026/xcode/$CONFIGURATION$EFFECTIVE_PLATFORM_NAME/assets
fi
";
			showEnvVarsInLog = 0;
		};
		F0F054826A523113C6320E72 /* Generate CMakeFiles/ALL_BUILD */ = {
			isa = PBXShellScriptBuildPhase;
			alwaysOutOfDate = 1;
			buildActionMask = 2147483647;
			files = (
			);
			inputPaths = (
			);
			name = "Generate CMakeFiles/ALL_BUILD";
			outputPaths = (
"/Users/mickymacm4/Documents/olc-codejam-2026/xcode/CMakeFiles/ALL_BUILD"			);
			runOnlyForDeploymentPostprocessing = 0;
			shellPath = /bin/sh;
			shellScript = "set -e
if test \"$CONFIGURATION\" = \"Debug\"; then :
  cd /Users/mickymacm4/Documents/olc-codejam-2026/xcode
  echo Build\\ all\\ projects
fi
if test \"$CONFIGURATION\" = \"Release\"; then :
  cd /Users/mickymacm4/Documents/olc-codejam-2026/xcode
  echo Build\\ all\\ projects
fi
if test \"$CONFIGURATION\" = \"MinSizeRel\"; then :
  cd /Users/mickymacm4/Documents/olc-codejam-2026/xcode
  echo Build\\ all\\ projects
fi
if test \"$CONFIGURATION\" = \"RelWithDebInfo\"; then :
  cd /Users/mickymacm4/Documents/olc-codejam-2026/xcode
  echo Build\\ all\\ projects
fi
";
			showEnvVarsInLog = 0;
		};
/* End PBXShellScriptBuildPhase section */

/* Begin PBXSourcesBuildPhase section */
		575E733915234C9C9E8C7519 /* Sources */ = {
			isa = PBXSourcesBuildPhase;
			buildActionMask = 2147483647;
			files = (
				CC73E5E290E94535A0B15F02 /* /Users/mickymacm4/Documents/olc-codejam-2026/src/main.cpp */,
			);
			runOnlyForDeploymentPostprocessing = 0;
		};
/* End PBXSourcesBuildPhase section */

/* Begin PBXTargetDependency section */
		0D1C2A8772054673B2527A2A /* PBXTargetDependency */ = {
			isa = PBXTargetDependency;
			target = 8879AD67E567AB4769382E9F /* ZERO_CHECK */;
			targetProxy = F7A1F54C376D4D8CAFBA052A /* PBXContainerItemProxy */;
		};
		54F33D06947B4E5582316D6B /* PBXTargetDependency */ = {
			isa = PBXTargetDependency;
			target = 8879AD67E567AB4769382E9F /* ZERO_CHECK */;
			targetProxy = 7B2CF0B6A1234F68960C28AA /* PBXContainerItemProxy */;
		};
		EA7272E0DDB545D29784000C /* PBXTargetDependency */ = {
			isa = PBXTargetDependency;
			target = 82C0FB05092CA32492771CEA /* PGE_Johnnys_Has_To_Change */;
			targetProxy = A3734A346260419583F25691 /* PBXContainerItemProxy */;
		};
/* End PBXTargetDependency section */

/* Begin XCBuildConfiguration section */
		04CB268E380D49B2A3CA4E91 /* Debug */ = {
			isa = XCBuildConfiguration;
			buildSettings = {
				ARCHS = arm64;
				SDKROOT = "";
				SYMROOT = "/Users/mickymacm4/Documents/olc-codejam-2026/xcode/build";
			};
			name = Debug;
		};
		0AE40B9C1AD249059A6B13B8 /* RelWithDebInfo */ = {
			isa = XCBuildConfiguration;
			buildSettings = {
				ALWAYS_SEARCH_USER_PATHS = NO;
				ARCHS = arm64;
				COMBINE_HIDPI_IMAGES = YES;
				GCC_GENERATE_DEBUGGING_SYMBOLS = YES;
				GCC_INLINES_ARE_PRIVATE_EXTERN = NO;
				GCC_OPTIMIZATION_LEVEL = 0;
				GCC_PREPROCESSOR_DEFINITIONS = ("'CMAKE_INTDIR=\"$(CONFIGURATION)$(EFFECTIVE_PLATFORM_NAME)\"'","$(inherited)");
				GCC_SYMBOLS_PRIVATE_EXTERN = NO;
				INSTALL_PATH = "";
				ONLY_ACTIVE_ARCH = NO;
				OTHER_LDFLAGS = ("","$(inherited)");
				OTHER_REZFLAGS = "";
				PRODUCT_NAME = ALL_BUILD;
				SECTORDER_FLAGS = "";
				USE_HEADERMAP = NO;
				WARNING_CFLAGS = ("$(inherited)");
			};
			name = RelWithDebInfo;
		};
		110CAA56D8344DA09347BEFD /* Debug */ = {
			isa = XCBuildConfiguration;
			buildSettings = {
				ALWAYS_SEARCH_USER_PATHS = NO;
				ARCHS = arm64;
				COMBINE_HIDPI_IMAGES = YES;
				CONFIGURATION_BUILD_DIR = "/Users/mickymacm4/Documents/olc-codejam-2026/xcode/Debug";
				EXECUTABLE_PREFIX = "";
				EXECUTABLE_SUFFIX = "";
				GCC_GENERATE_DEBUGGING_SYMBOLS = YES;
				GCC_INLINES_ARE_PRIVATE_EXTERN = NO;
				GCC_OPTIMIZATION_LEVEL = 0;
				GCC_PREPROCESSOR_DEFINITIONS = ("'CMAKE_INTDIR=\"$(CONFIGURATION)$(EFFECTIVE_PLATFORM_NAME)\"'","$(inherited)");
				GCC_SYMBOLS_PRIVATE_EXTERN = NO;
				HEADER_SEARCH_PATHS = ("/Users/mickymacm4/Documents/olc-codejam-2026/xcode/_deps/olcpixelgameengine3-src/extensions/miniaudio","/Users/mickymacm4/Documents/olc-codejam-2026/xcode/_deps/olcpixelgameengine3-src","$(inherited)");
				INSTALL_PATH = "";
				ONLY_ACTIVE_ARCH = NO;
				OTHER_CPLUSPLUSFLAGS = "   '-std=c++20' ";
				OTHER_LDFLAGS = (" -Wl,-search_paths_first -Wl,-headerpad_max_install_names","-framework Metal","-framework MetalKit","-framework AppKit","-framework QuartzCore","-framework OpenGL","-framework Foundation","$(inherited)");
				OTHER_REZFLAGS = "";
				PRODUCT_NAME = PGE_Johnnys_Has_To_Change;
				SECTORDER_FLAGS = "";
				TARGET_TEMP_DIR = "/Users/mickymacm4/Documents/olc-codejam-2026/xcode/build/PGE_Johnnys_Has_To_Change.build/$(CONFIGURATION)$(EFFECTIVE_PLATFORM_NAME)";
				USE_HEADERMAP = NO;
				WARNING_CFLAGS = ("$(inherited)");
			};
			name = Debug;
		};
		1333E6E67ADD45CE8F36E7E3 /* Release */ = {
			isa = XCBuildConfiguration;
			buildSettings = {
				ALWAYS_SEARCH_USER_PATHS = NO;
				ARCHS = arm64;
				COMBINE_HIDPI_IMAGES = YES;
				GCC_GENERATE_DEBUGGING_SYMBOLS = YES;
				GCC_INLINES_ARE_PRIVATE_EXTERN = NO;
				GCC_OPTIMIZATION_LEVEL = 0;
				GCC_PREPROCESSOR_DEFINITIONS = ("'CMAKE_INTDIR=\"$(CONFIGURATION)$(EFFECTIVE_PLATFORM_NAME)\"'","$(inherited)");
				GCC_SYMBOLS_PRIVATE_EXTERN = NO;
				INSTALL_PATH = "";
				ONLY_ACTIVE_ARCH = NO;
				OTHER_LDFLAGS = ("","$(inherited)");
				OTHER_REZFLAGS = "";
				PRODUCT_NAME = ALL_BUILD;
				SECTORDER_FLAGS = "";
				USE_HEADERMAP = NO;
				WARNING_CFLAGS = ("$(inherited)");
			};
			name = Release;
		};
		1CBC56F8CA4E49538B7DE6D5 /* RelWithDebInfo */ = {
			isa = XCBuildConfiguration;
			buildSettings = {
				ALWAYS_SEARCH_USER_PATHS = NO;
				ARCHS = arm64;
				COMBINE_HIDPI_IMAGES = YES;
				CONFIGURATION_BUILD_DIR = "/Users/mickymacm4/Documents/olc-codejam-2026/xcode/RelWithDebInfo";
				EXECUTABLE_PREFIX = "";
				EXECUTABLE_SUFFIX = "";
				GCC_GENERATE_DEBUGGING_SYMBOLS = YES;
				GCC_INLINES_ARE_PRIVATE_EXTERN = NO;
				GCC_OPTIMIZATION_LEVEL = 2;
				GCC_PREPROCESSOR_DEFINITIONS = ("'CMAKE_INTDIR=\"$(CONFIGURATION)$(EFFECTIVE_PLATFORM_NAME)\"'","$(inherited)");
				GCC_SYMBOLS_PRIVATE_EXTERN = NO;
				HEADER_SEARCH_PATHS = ("/Users/mickymacm4/Documents/olc-codejam-2026/xcode/_deps/olcpixelgameengine3-src/extensions/miniaudio","/Users/mickymacm4/Documents/olc-codejam-2026/xcode/_deps/olcpixelgameengine3-src","$(inherited)");
				INSTALL_PATH = "";
				ONLY_ACTIVE_ARCH = NO;
				OTHER_CPLUSPLUSFLAGS = "       -DNDEBUG '-std=c++20' ";
				OTHER_LDFLAGS = (" -Wl,-search_paths_first -Wl,-headerpad_max_install_names","-framework Metal","-framework MetalKit","-framework AppKit","-framework QuartzCore","-framework OpenGL","-framework Foundation","$(inherited)");
				OTHER_REZFLAGS = "";
				PRODUCT_NAME = PGE_Johnnys_Has_To_Change;
				SECTORDER_FLAGS = "";
				TARGET_TEMP_DIR = "/Users/mickymacm4/Documents/olc-codejam-2026/xcode/build/PGE_Johnnys_Has_To_Change.build/$(CONFIGURATION)$(EFFECTIVE_PLATFORM_NAME)";
				USE_HEADERMAP = NO;
				WARNING_CFLAGS = ("$(inherited)");
			};
			name = RelWithDebInfo;
		};
		2625BFE71E5446B38662C0EC /* Debug */ = {
			isa = XCBuildConfiguration;
			buildSettings = {
				ALWAYS_SEARCH_USER_PATHS = NO;
				ARCHS = arm64;
				COMBINE_HIDPI_IMAGES = YES;
				GCC_GENERATE_DEBUGGING_SYMBOLS = YES;
				GCC_INLINES_ARE_PRIVATE_EXTERN = NO;
				GCC_OPTIMIZATION_LEVEL = 0;
				GCC_PREPROCESSOR_DEFINITIONS = ("'CMAKE_INTDIR=\"$(CONFIGURATION)$(EFFECTIVE_PLATFORM_NAME)\"'","$(inherited)");
				GCC_SYMBOLS_PRIVATE_EXTERN = NO;
				INSTALL_PATH = "";
				ONLY_ACTIVE_ARCH = NO;
				OTHER_LDFLAGS = ("","$(inherited)");
				OTHER_REZFLAGS = "";
				PRODUCT_NAME = ZERO_CHECK;
				SECTORDER_FLAGS = "";
				USE_HEADERMAP = NO;
				WARNING_CFLAGS = ("$(inherited)");
			};
			name = Debug;
		};
		26BACB1982A34DF6B2442B2F /* MinSizeRel */ = {
			isa = XCBuildConfiguration;
			buildSettings = {
				ALWAYS_SEARCH_USER_PATHS = NO;
				ARCHS = arm64;
				COMBINE_HIDPI_IMAGES = YES;
				GCC_GENERATE_DEBUGGING_SYMBOLS = YES;
				GCC_INLINES_ARE_PRIVATE_EXTERN = NO;
				GCC_OPTIMIZATION_LEVEL = 0;
				GCC_PREPROCESSOR_DEFINITIONS = ("'CMAKE_INTDIR=\"$(CONFIGURATION)$(EFFECTIVE_PLATFORM_NAME)\"'","$(inherited)");
				GCC_SYMBOLS_PRIVATE_EXTERN = NO;
				INSTALL_PATH = "";
				ONLY_ACTIVE_ARCH = NO;
				OTHER_LDFLAGS = ("","$(inherited)");
				OTHER_REZFLAGS = "";
				PRODUCT_NAME = ZERO_CHECK;
				SECTORDER_FLAGS = "";
				USE_HEADERMAP = NO;
				WARNING_CFLAGS = ("$(inherited)");
			};
			name = MinSizeRel;
		};
		382705A63D8145758E6EA369 /* Release */ = {
			isa = XCBuildConfiguration;
			buildSettings = {
				ALWAYS_SEARCH_USER_PATHS = NO;
				ARCHS = arm64;
				COMBINE_HIDPI_IMAGES = YES;
				CONFIGURATION_BUILD_DIR = "/Users/mickymacm4/Documents/olc-codejam-2026/xcode/Release";
				EXECUTABLE_PREFIX = "";
				EXECUTABLE_SUFFIX = "";
				GCC_GENERATE_DEBUGGING_SYMBOLS = NO;
				GCC_INLINES_ARE_PRIVATE_EXTERN = NO;
				GCC_OPTIMIZATION_LEVEL = 3;
				GCC_PREPROCESSOR_DEFINITIONS = ("'CMAKE_INTDIR=\"$(CONFIGURATION)$(EFFECTIVE_PLATFORM_NAME)\"'","$(inherited)");
				GCC_SYMBOLS_PRIVATE_EXTERN = NO;
				HEADER_SEARCH_PATHS = ("/Users/mickymacm4/Documents/olc-codejam-2026/xcode/_deps/olcpixelgameengine3-src/extensions/miniaudio","/Users/mickymacm4/Documents/olc-codejam-2026/xcode/_deps/olcpixelgameengine3-src","$(inherited)");
				INSTALL_PATH = "";
				ONLY_ACTIVE_ARCH = NO;
				OTHER_CPLUSPLUSFLAGS = "    -DNDEBUG '-std=c++20' ";
				OTHER_LDFLAGS = (" -Wl,-search_paths_first -Wl,-headerpad_max_install_names","-framework Metal","-framework MetalKit","-framework AppKit","-framework QuartzCore","-framework OpenGL","-framework Foundation","$(inherited)");
				OTHER_REZFLAGS = "";
				PRODUCT_NAME = PGE_Johnnys_Has_To_Change;
				SECTORDER_FLAGS = "";
				TARGET_TEMP_DIR = "/Users/mickymacm4/Documents/olc-codejam-2026/xcode/build/PGE_Johnnys_Has_To_Change.build/$(CONFIGURATION)$(EFFECTIVE_PLATFORM_NAME)";
				USE_HEADERMAP = NO;
				WARNING_CFLAGS = ("$(inherited)");
			};
			name = Release;
		};
		5FC0A20F21704FE8B58DEAEE /* MinSizeRel */ = {
			isa = XCBuildConfiguration;
			buildSettings = {
				ALWAYS_SEARCH_USER_PATHS = NO;
				ARCHS = arm64;
				COMBINE_HIDPI_IMAGES = YES;
				GCC_GENERATE_DEBUGGING_SYMBOLS = YES;
				GCC_INLINES_ARE_PRIVATE_EXTERN = NO;
				GCC_OPTIMIZATION_LEVEL = 0;
				GCC_PREPROCESSOR_DEFINITIONS = ("'CMAKE_INTDIR=\"$(CONFIGURATION)$(EFFECTIVE_PLATFORM_NAME)\"'","$(inherited)");
				GCC_SYMBOLS_PRIVATE_EXTERN = NO;
				INSTALL_PATH = "";
				ONLY_ACTIVE_ARCH = NO;
				OTHER_LDFLAGS = ("","$(inherited)");
				OTHER_REZFLAGS = "";
				PRODUCT_NAME = ALL_BUILD;
				SECTORDER_FLAGS = "";
				USE_HEADERMAP = NO;
				WARNING_CFLAGS = ("$(inherited)");
			};
			name = MinSizeRel;
		};
		7038CED0E1AD4D73899636C9 /* Release */ = {
			isa = XCBuildConfiguration;
			buildSettings = {
				ALWAYS_SEARCH_USER_PATHS = NO;
				ARCHS = arm64;
				COMBINE_HIDPI_IMAGES = YES;
				GCC_GENERATE_DEBUGGING_SYMBOLS = YES;
				GCC_INLINES_ARE_PRIVATE_EXTERN = NO;
				GCC_OPTIMIZATION_LEVEL = 0;
				GCC_PREPROCESSOR_DEFINITIONS = ("'CMAKE_INTDIR=\"$(CONFIGURATION)$(EFFECTIVE_PLATFORM_NAME)\"'","$(inherited)");
				GCC_SYMBOLS_PRIVATE_EXTERN = NO;
				INSTALL_PATH = "";
				ONLY_ACTIVE_ARCH = NO;
				OTHER_LDFLAGS = ("","$(inherited)");
				OTHER_REZFLAGS = "";
				PRODUCT_NAME = ZERO_CHECK;
				SECTORDER_FLAGS = "";
				USE_HEADERMAP = NO;
				WARNING_CFLAGS = ("$(inherited)");
			};
			name = Release;
		};
		778B82DF23D04C31821181CC /* MinSizeRel */ = {
			isa = XCBuildConfiguration;
			buildSettings = {
				ALWAYS_SEARCH_USER_PATHS = NO;
				ARCHS = arm64;
				COMBINE_HIDPI_IMAGES = YES;
				CONFIGURATION_BUILD_DIR = "/Users/mickymacm4/Documents/olc-codejam-2026/xcode/MinSizeRel";
				EXECUTABLE_PREFIX = "";
				EXECUTABLE_SUFFIX = "";
				GCC_GENERATE_DEBUGGING_SYMBOLS = NO;
				GCC_INLINES_ARE_PRIVATE_EXTERN = NO;
				GCC_OPTIMIZATION_LEVEL = s;
				GCC_PREPROCESSOR_DEFINITIONS = ("'CMAKE_INTDIR=\"$(CONFIGURATION)$(EFFECTIVE_PLATFORM_NAME)\"'","$(inherited)");
				GCC_SYMBOLS_PRIVATE_EXTERN = NO;
				HEADER_SEARCH_PATHS = ("/Users/mickymacm4/Documents/olc-codejam-2026/xcode/_deps/olcpixelgameengine3-src/extensions/miniaudio","/Users/mickymacm4/Documents/olc-codejam-2026/xcode/_deps/olcpixelgameengine3-src","$(inherited)");
				INSTALL_PATH = "";
				ONLY_ACTIVE_ARCH = NO;
				OTHER_CPLUSPLUSFLAGS = "    -DNDEBUG '-std=c++20' ";
				OTHER_LDFLAGS = (" -Wl,-search_paths_first -Wl,-headerpad_max_install_names","-framework Metal","-framework MetalKit","-framework AppKit","-framework QuartzCore","-framework OpenGL","-framework Foundation","$(inherited)");
				OTHER_REZFLAGS = "";
				PRODUCT_NAME = PGE_Johnnys_Has_To_Change;
				SECTORDER_FLAGS = "";
				TARGET_TEMP_DIR = "/Users/mickymacm4/Documents/olc-codejam-2026/xcode/build/PGE_Johnnys_Has_To_Change.build/$(CONFIGURATION)$(EFFECTIVE_PLATFORM_NAME)";
				USE_HEADERMAP = NO;
				WARNING_CFLAGS = ("$(inherited)");
			};
			name = MinSizeRel;
		};
		7A6930A7E8664E6ABC2A4030 /* RelWithDebInfo */ = {
			isa = XCBuildConfiguration;
			buildSettings = {
				ALWAYS_SEARCH_USER_PATHS = NO;
				ARCHS = arm64;
				COMBINE_HIDPI_IMAGES = YES;
				GCC_GENERATE_DEBUGGING_SYMBOLS = YES;
				GCC_INLINES_ARE_PRIVATE_EXTERN = NO;
				GCC_OPTIMIZATION_LEVEL = 0;
				GCC_PREPROCESSOR_DEFINITIONS = ("'CMAKE_INTDIR=\"$(CONFIGURATION)$(EFFECTIVE_PLATFORM_NAME)\"'","$(inherited)");
				GCC_SYMBOLS_PRIVATE_EXTERN = NO;
				INSTALL_PATH = "";
				ONLY_ACTIVE_ARCH = NO;
				OTHER_LDFLAGS = ("","$(inherited)");
				OTHER_REZFLAGS = "";
				PRODUCT_NAME = ZERO_CHECK;
				SECTORDER_FLAGS = "";
				USE_HEADERMAP = NO;
				WARNING_CFLAGS = ("$(inherited)");
			};
			name = RelWithDebInfo;
		};
		A1B3D253C43440BDA6032045 /* Debug */ = {
			isa = XCBuildConfiguration;
			buildSettings = {
				ALWAYS_SEARCH_USER_PATHS = NO;
				ARCHS = arm64;
				COMBINE_HIDPI_IMAGES = YES;
				GCC_GENERATE_DEBUGGING_SYMBOLS = YES;
				GCC_INLINES_ARE_PRIVATE_EXTERN = NO;
				GCC_OPTIMIZATION_LEVEL = 0;
				GCC_PREPROCESSOR_DEFINITIONS = ("'CMAKE_INTDIR=\"$(CONFIGURATION)$(EFFECTIVE_PLATFORM_NAME)\"'","$(inherited)");
				GCC_SYMBOLS_PRIVATE_EXTERN = NO;
				INSTALL_PATH = "";
				ONLY_ACTIVE_ARCH = NO;
				OTHER_LDFLAGS = ("","$(inherited)");
				OTHER_REZFLAGS = "";
				PRODUCT_NAME = ALL_BUILD;
				SECTORDER_FLAGS = "";
				USE_HEADERMAP = NO;
				WARNING_CFLAGS = ("$(inherited)");
			};
			name = Debug;
		};
		A8708D657D10440A80AC6D3A /* MinSizeRel */ = {
			isa = XCBuildConfiguration;
			buildSettings = {
				ARCHS = arm64;
				SDKROOT = "";
				SWIFT_COMPILATION_MODE = wholemodule;
				SYMROOT = "/Users/mickymacm4/Documents/olc-codejam-2026/xcode/build";
			};
			name = MinSizeRel;
		};
		C7B1C8C6699941B38F96318D /* Release */ = {
			isa = XCBuildConfiguration;
			buildSettings = {
				ARCHS = arm64;
				SDKROOT = "";
				SWIFT_COMPILATION_MODE = wholemodule;
				SYMROOT = "/Users/mickymacm4/Documents/olc-codejam-2026/xcode/build";
			};
			name = Release;
		};
		FC948B4F80A14002A0668DAA /* RelWithDebInfo */ = {
			isa = XCBuildConfiguration;
			buildSettings = {
				ARCHS = arm64;
				SDKROOT = "";
				SWIFT_COMPILATION_MODE = wholemodule;
				SYMROOT = "/Users/mickymacm4/Documents/olc-codejam-2026/xcode/build";
			};
			name = RelWithDebInfo;
		};
/* End XCBuildConfiguration section */

/* Begin XCConfigurationList section */
		0877E4DDA32E46CA861EB490 /* Build configuration list for PBXAggregateTarget "ALL_BUILD" */ = {
			isa = XCConfigurationList;
			buildConfigurations = (
				A1B3D253C43440BDA6032045 /* Debug */,
				1333E6E67ADD45CE8F36E7E3 /* Release */,
				5FC0A20F21704FE8B58DEAEE /* MinSizeRel */,
				0AE40B9C1AD249059A6B13B8 /* RelWithDebInfo */,
			);
			defaultConfigurationIsVisible = 0;
			defaultConfigurationName = Debug;
		};
		C1CA46103BC74AE6AE54E675 /* Build configuration list for PBXAggregateTarget "ZERO_CHECK" */ = {
			isa = XCConfigurationList;
			buildConfigurations = (
				2625BFE71E5446B38662C0EC /* Debug */,
				7038CED0E1AD4D73899636C9 /* Release */,
				26BACB1982A34DF6B2442B2F /* MinSizeRel */,
				7A6930A7E8664E6ABC2A4030 /* RelWithDebInfo */,
			);
			defaultConfigurationIsVisible = 0;
			defaultConfigurationName = Debug;
		};
		C3379B69B2FD406C86A17BB0 /* Build configuration list for PBXProject "PGE_Johnnys_Has_To_Change" */ = {
			isa = XCConfigurationList;
			buildConfigurations = (
				04CB268E380D49B2A3CA4E91 /* Debug */,
				C7B1C8C6699941B38F96318D /* Release */,
				A8708D657D10440A80AC6D3A /* MinSizeRel */,
				FC948B4F80A14002A0668DAA /* RelWithDebInfo */,
			);
			defaultConfigurationIsVisible = 0;
			defaultConfigurationName = Debug;
		};
		CCC0122146B4433E99AA32D7 /* Build configuration list for PBXNativeTarget "PGE_Johnnys_Has_To_Change" */ = {
			isa = XCConfigurationList;
			buildConfigurations = (
				110CAA56D8344DA09347BEFD /* Debug */,
				382705A63D8145758E6EA369 /* Release */,
				778B82DF23D04C31821181CC /* MinSizeRel */,
				1CBC56F8CA4E49538B7DE6D5 /* RelWithDebInfo */,
			);
			defaultConfigurationIsVisible = 0;
			defaultConfigurationName = Debug;
		};
/* End XCConfigurationList section */
	};
	rootObject = 6598786DA07F45F88C0E1725 /* Project object */;
}
